
Microsoft Visual Studio Solution File, Format Version 12.00
# Visual Studio 2012
Project("{FAE04EC0-301F-11D3-BF4B-00C04F79EFBC}") = "GestSpace", "GestSpace\GestSpace.csproj", "{7D3C5ECB-9375-4769-9C5A-E7DF8109415F}"
EndProject
Project("{FAE04EC0-301F-11D3-BF4B-00C04F79EFBC}") = "GestSpace.Controls", "GestSpace.Controls\GestSpace.Controls.csproj", "{9871A30A-1B4D-4991-93B3-2EA8EA12E8C9}"
EndProject
Project("{FAE04EC0-301F-11D3-BF4B-00C04F79EFBC}") = "GestSpace.Tests", "GestSpace.Tests\GestSpace.Tests.csproj", "{BF492703-1A91-4D9F-91C5-40162F977242}"
EndProject
Global
	GlobalSection(SolutionConfigurationPlatforms) = preSolution
		Debug|Any CPU = Debug|Any CPU
		Release|Any CPU = Release|Any CPU
	EndGlobalSection
	GlobalSection(ProjectConfigurationPlatforms) = postSolution
		{7D3C5ECB-9375-4769-9C5A-E7DF8109415F}.Debug|Any CPU.ActiveCfg = Debug|Any CPU
		{7D3C5ECB-9375-4769-9C5A-E7DF8109415F}.Debug|Any CPU.Build.0 = Debug|Any CPU
		{7D3C5ECB-9375-4769-9C5A-E7DF8109415F}.Release|Any CPU.ActiveCfg = Release|Any CPU
		{7D3C5ECB-9375-4769-9C5A-E7DF8109415F}.Release|Any CPU.Build.0 = Release|Any CPU
		{9871A30A-1B4D-4991-93B3-2EA8EA12E8C9}.Debug|Any CPU.ActiveCfg = Debug|Any CPU
		{9871A30A-1B4D-4991-93B3-2EA8EA12E8C9}.Debug|Any CPU.Build.0 = Debug|Any CPU
		{9871A30A-1B4D-4991-93B3-2EA8EA12E8C9}.Release|Any CPU.ActiveCfg = Release|Any CPU
		{9871A30A-1B4D-4991-93B3-2EA8EA12E8C9}.Release|Any CPU.Build.0 = Release|Any CPU
		{BF492703-1A91-4D9F-91C5-40162F977242}.Debug|Any CPU.ActiveCfg = Debug|Any CPU
		{BF492703-1A91-4D9F-91C5-40162F977242}.Debug|Any CPU.Build.0 = Debug|Any CPU
		{BF492703-1A91-4D9F-91C5-40162F977242}.Release|Any CPU.ActiveCfg = Release|Any CPU
		{BF492703-1A91-4D9F-91C5-40162F977242}.Release|Any CPU.Build.0 = Release|Any CPU
	EndGlobalSection
	GlobalSection(SolutionProperties) = preSolution
		HideSolutionNode = FALSE
	EndGlobalSection
EndGlobal
